// !$*UTF8*$!
{
	archiveVersion = 1;
	classes = {
	};
	objectVersion = 46;
	objects = {

/* Begin PBXBuildFile section */
		4383C260141AABBC000853EA /* Gatherer.rb in Resources */ = {isa = PBXBuildFile; fileRef = 4383C25F141AABBC000853EA /* Gatherer.rb */; };
		4385A2FA1419F25B00768301 /* Cocoa.framework in Frameworks */ = {isa = PBXBuildFile; fileRef = 4385A2F91419F25B00768301 /* Cocoa.framework */; };
		4385A2FC1419F25B00768301 /* MacRuby.framework in Frameworks */ = {isa = PBXBuildFile; fileRef = 4385A2FB1419F25B00768301 /* MacRuby.framework */; };
		4385A3031419F25B00768301 /* InfoPlist.strings in Resources */ = {isa = PBXBuildFile; fileRef = 4385A3011419F25B00768301 /* InfoPlist.strings */; };
		4385A3051419F25B00768301 /* main.m in Sources */ = {isa = PBXBuildFile; fileRef = 4385A3041419F25B00768301 /* main.m */; };
		4385A30A1419F25B00768301 /* MainMenu.xib in Resources */ = {isa = PBXBuildFile; fileRef = 4385A3081419F25B00768301 /* MainMenu.xib */; };
		4385A30D1419F25B00768301 /* rb_main.rb in Resources */ = {isa = PBXBuildFile; fileRef = 4385A30C1419F25B00768301 /* rb_main.rb */; };
		4385A30F1419F25C00768301 /* AppDelegate.rb in Resources */ = {isa = PBXBuildFile; fileRef = 4385A30E1419F25B00768301 /* AppDelegate.rb */; };
		438ABC0C147C666A000A9244 /* PreferenceWindow.xib in Resources */ = {isa = PBXBuildFile; fileRef = 438ABC0B147C666A000A9244 /* PreferenceWindow.xib */; };
		438ABC0E147C668E000A9244 /* PreferenceWindowController.rb in Resources */ = {isa = PBXBuildFile; fileRef = 438ABC0D147C668E000A9244 /* PreferenceWindowController.rb */; };
		439849D01439100F00D3BA53 /* ImageBrowserView.rb in Resources */ = {isa = PBXBuildFile; fileRef = 439849CF1439100F00D3BA53 /* ImageBrowserView.rb */; };
		43CDE120141AB32700BEB8C6 /* AppDelegate.m in Sources */ = {isa = PBXBuildFile; fileRef = 43CDE11F141AB32700BEB8C6 /* AppDelegate.m */; };
		43D49278141B5ED2004C465E /* PanoramaGroup.rb in Resources */ = {isa = PBXBuildFile; fileRef = 43D49277141B5ED2004C465E /* PanoramaGroup.rb */; };
		43D4927B141B5EE8004C465E /* Panorama.rb in Resources */ = {isa = PBXBuildFile; fileRef = 43D4927A141B5EE8004C465E /* Panorama.rb */; };
		43F2E75E147C760C00E5B992 /* PreferenceWindowController.m in Sources */ = {isa = PBXBuildFile; fileRef = 43F2E75D147C760C00E5B992 /* PreferenceWindowController.m */; };
/* End PBXBuildFile section */

/* Begin PBXContainerItemProxy section */
		438A3A66147B1DA200FBD1FD /* PBXContainerItemProxy */ = {
			isa = PBXContainerItemProxy;
			containerPortal = 4385A2EC1419F25B00768301 /* Project object */;
			proxyType = 1;
			remoteGlobalIDString = 438A3A58147B1C7C00FBD1FD;
			remoteInfo = "Test Unit";
		};
/* End PBXContainerItemProxy section */

/* Begin PBXFileReference section */
		4383C25F141AABBC000853EA /* Gatherer.rb */ = {isa = PBXFileReference; fileEncoding = 4; lastKnownFileType = text.script.ruby; path = Gatherer.rb; sourceTree = "<group>"; };
		4385A2F51419F25B00768301 /* PanoList3.app */ = {isa = PBXFileReference; explicitFileType = wrapper.application; includeInIndex = 0; path = PanoList3.app; sourceTree = BUILT_PRODUCTS_DIR; };
		4385A2F91419F25B00768301 /* Cocoa.framework */ = {isa = PBXFileReference; lastKnownFileType = wrapper.framework; name = Cocoa.framework; path = System/Library/Frameworks/Cocoa.framework; sourceTree = SDKROOT; };
		4385A2FB1419F25B00768301 /* MacRuby.framework */ = {isa = PBXFileReference; lastKnownFileType = wrapper.framework; name = MacRuby.framework; path = Library/Frameworks/MacRuby.framework; sourceTree = DEVELOPER_DIR; };
		4385A3001419F25B00768301 /* PanoList3-Info.plist */ = {isa = PBXFileReference; lastKnownFileType = text.plist.xml; path = "PanoList3-Info.plist"; sourceTree = "<group>"; };
		4385A3021419F25B00768301 /* en */ = {isa = PBXFileReference; lastKnownFileType = text.plist.strings; name = en; path = en.lproj/InfoPlist.strings; sourceTree = "<group>"; };
		4385A3041419F25B00768301 /* main.m */ = {isa = PBXFileReference; lastKnownFileType = sourcecode.c.objc; path = main.m; sourceTree = "<group>"; };
		4385A3061419F25B00768301 /* PanoList3-Prefix.pch */ = {isa = PBXFileReference; lastKnownFileType = sourcecode.c.h; path = "PanoList3-Prefix.pch"; sourceTree = "<group>"; };
		4385A3091419F25B00768301 /* en */ = {isa = PBXFileReference; lastKnownFileType = file.xib; name = en; path = en.lproj/MainMenu.xib; sourceTree = "<group>"; };
		4385A30C1419F25B00768301 /* rb_main.rb */ = {isa = PBXFileReference; lastKnownFileType = text.script.ruby; path = rb_main.rb; sourceTree = "<group>"; };
		4385A30E1419F25B00768301 /* AppDelegate.rb */ = {isa = PBXFileReference; lastKnownFileType = text.script.ruby; path = AppDelegate.rb; sourceTree = "<group>"; };
		438A3A17147A743E00FBD1FD /* AppKit.framework */ = {isa = PBXFileReference; lastKnownFileType = wrapper.framework; name = AppKit.framework; path = Library/Frameworks/AppKit.framework; sourceTree = SDKROOT; };
		438A3A19147A743E00FBD1FD /* Foundation.framework */ = {isa = PBXFileReference; lastKnownFileType = wrapper.framework; name = Foundation.framework; path = Library/Frameworks/Foundation.framework; sourceTree = SDKROOT; };
		438A3A96147C53DA00FBD1FD /* Gatherer_spec.rb */ = {isa = PBXFileReference; fileEncoding = 4; lastKnownFileType = text.script.ruby; name = Gatherer_spec.rb; path = specs/Gatherer_spec.rb; sourceTree = SOURCE_ROOT; };
		438A3A97147C53DA00FBD1FD /* Panorama_spec.rb */ = {isa = PBXFileReference; fileEncoding = 4; lastKnownFileType = text.script.ruby; name = Panorama_spec.rb; path = specs/Panorama_spec.rb; sourceTree = SOURCE_ROOT; };
		438A3A98147C53DA00FBD1FD /* PanoramaGroup_spec.rb */ = {isa = PBXFileReference; fileEncoding = 4; lastKnownFileType = text.script.ruby; name = PanoramaGroup_spec.rb; path = specs/PanoramaGroup_spec.rb; sourceTree = SOURCE_ROOT; };
		438A3A9F147C5F6500FBD1FD /* spec_helper.rb */ = {isa = PBXFileReference; fileEncoding = 4; lastKnownFileType = text.script.ruby; name = spec_helper.rb; path = specs/spec_helper.rb; sourceTree = SOURCE_ROOT; };
		438ABC0B147C666A000A9244 /* PreferenceWindow.xib */ = {isa = PBXFileReference; fileEncoding = 4; lastKnownFileType = file.xib; path = PreferenceWindow.xib; sourceTree = "<group>"; };
		438ABC0D147C668E000A9244 /* PreferenceWindowController.rb */ = {isa = PBXFileReference; fileEncoding = 4; lastKnownFileType = text.script.ruby; path = PreferenceWindowController.rb; sourceTree = "<group>"; };
		439849CF1439100F00D3BA53 /* ImageBrowserView.rb */ = {isa = PBXFileReference; fileEncoding = 4; lastKnownFileType = text.script.ruby; path = ImageBrowserView.rb; sourceTree = "<group>"; };
		43CDE11E141AB32700BEB8C6 /* AppDelegate.h */ = {isa = PBXFileReference; fileEncoding = 4; lastKnownFileType = sourcecode.c.h; path = AppDelegate.h; sourceTree = "<group>"; };
		43CDE11F141AB32700BEB8C6 /* AppDelegate.m */ = {isa = PBXFileReference; fileEncoding = 4; lastKnownFileType = sourcecode.c.objc; path = AppDelegate.m; sourceTree = "<group>"; };
		43D49277141B5ED2004C465E /* PanoramaGroup.rb */ = {isa = PBXFileReference; fileEncoding = 4; lastKnownFileType = text.script.ruby; path = PanoramaGroup.rb; sourceTree = "<group>"; };
		43D4927A141B5EE8004C465E /* Panorama.rb */ = {isa = PBXFileReference; fileEncoding = 4; lastKnownFileType = text.script.ruby; path = Panorama.rb; sourceTree = "<group>"; };
		43F2E75C147C760C00E5B992 /* PreferenceWindowController.h */ = {isa = PBXFileReference; fileEncoding = 4; lastKnownFileType = sourcecode.c.h; path = PreferenceWindowController.h; sourceTree = "<group>"; };
		43F2E75D147C760C00E5B992 /* PreferenceWindowController.m */ = {isa = PBXFileReference; fileEncoding = 4; lastKnownFileType = sourcecode.c.objc; path = PreferenceWindowController.m; sourceTree = "<group>"; };
/* End PBXFileReference section */

/* Begin PBXFrameworksBuildPhase section */
		4385A2F21419F25B00768301 /* Frameworks */ = {
			isa = PBXFrameworksBuildPhase;
			buildActionMask = 2147483647;
			files = (
				4385A2FA1419F25B00768301 /* Cocoa.framework in Frameworks */,
				4385A2FC1419F25B00768301 /* MacRuby.framework in Frameworks */,
			);
			runOnlyForDeploymentPostprocessing = 0;
		};
/* End PBXFrameworksBuildPhase section */

/* Begin PBXGroup section */
		4385A2EA1419F25B00768301 = {
			isa = PBXGroup;
			children = (
				4385A2FE1419F25B00768301 /* PanoList3 */,
				438A3A88147B263100FBD1FD /* Tests */,
				4385A2F81419F25B00768301 /* Frameworks */,
				4385A2F61419F25B00768301 /* Products */,
			);
			sourceTree = "<group>";
		};
		4385A2F61419F25B00768301 /* Products */ = {
			isa = PBXGroup;
			children = (
				4385A2F51419F25B00768301 /* PanoList3.app */,
			);
			name = Products;
			sourceTree = "<group>";
		};
		4385A2F81419F25B00768301 /* Frameworks */ = {
			isa = PBXGroup;
			children = (
				4385A2F91419F25B00768301 /* Cocoa.framework */,
				4385A2FB1419F25B00768301 /* MacRuby.framework */,
				438A3A16147A743E00FBD1FD /* Other Frameworks */,
			);
			name = Frameworks;
			sourceTree = "<group>";
		};
		4385A2FE1419F25B00768301 /* PanoList3 */ = {
			isa = PBXGroup;
			children = (
				438ABC0D147C668E000A9244 /* PreferenceWindowController.rb */,
				43F2E75C147C760C00E5B992 /* PreferenceWindowController.h */,
				43F2E75D147C760C00E5B992 /* PreferenceWindowController.m */,
				4385A30E1419F25B00768301 /* AppDelegate.rb */,
				43CDE11E141AB32700BEB8C6 /* AppDelegate.h */,
				43CDE11F141AB32700BEB8C6 /* AppDelegate.m */,
				439849CF1439100F00D3BA53 /* ImageBrowserView.rb */,
				4385A3071419F25B00768301 /* Resources */,
				4385A30B1419F25B00768301 /* Other Sources */,
				4385A2FF1419F25B00768301 /* Supporting Files */,
			);
			path = PanoList3;
			sourceTree = "<group>";
		};
		4385A2FF1419F25B00768301 /* Supporting Files */ = {
			isa = PBXGroup;
			children = (
				4385A3001419F25B00768301 /* PanoList3-Info.plist */,
				4385A3011419F25B00768301 /* InfoPlist.strings */,
				4385A3041419F25B00768301 /* main.m */,
				4385A3061419F25B00768301 /* PanoList3-Prefix.pch */,
			);
			name = "Supporting Files";
			sourceTree = "<group>";
		};
		4385A3071419F25B00768301 /* Resources */ = {
			isa = PBXGroup;
			children = (
				4385A3081419F25B00768301 /* MainMenu.xib */,
				438ABC0B147C666A000A9244 /* PreferenceWindow.xib */,
			);
			name = Resources;
			sourceTree = "<group>";
		};
		4385A30B1419F25B00768301 /* Other Sources */ = {
			isa = PBXGroup;
			children = (
				4385A30C1419F25B00768301 /* rb_main.rb */,
				4383C25F141AABBC000853EA /* Gatherer.rb */,
				43D4927A141B5EE8004C465E /* Panorama.rb */,
				43D49277141B5ED2004C465E /* PanoramaGroup.rb */,
			);
			name = "Other Sources";
			sourceTree = "<group>";
		};
		438A3A16147A743E00FBD1FD /* Other Frameworks */ = {
			isa = PBXGroup;
			children = (
				438A3A17147A743E00FBD1FD /* AppKit.framework */,
				438A3A19147A743E00FBD1FD /* Foundation.framework */,
			);
			name = "Other Frameworks";
			sourceTree = "<group>";
		};
		438A3A88147B263100FBD1FD /* Tests */ = {
			isa = PBXGroup;
			children = (
				438A3A96147C53DA00FBD1FD /* Gatherer_spec.rb */,
				438A3A9F147C5F6500FBD1FD /* spec_helper.rb */,
				438A3A97147C53DA00FBD1FD /* Panorama_spec.rb */,
				438A3A98147C53DA00FBD1FD /* PanoramaGroup_spec.rb */,
			);
			name = Tests;
			path = PanoList3;
			sourceTree = "<group>";
		};
/* End PBXGroup section */

/* Begin PBXLegacyTarget section */
		4385A2FD1419F25B00768301 /* Deployment */ = {
			isa = PBXLegacyTarget;
			buildArgumentsString = "--compile --embed";
			buildConfigurationList = 4385A3151419F25C00768301 /* Build configuration list for PBXLegacyTarget "Deployment" */;
			buildPhases = (
			);
			buildToolPath = /usr/local/bin/macruby_deploy;
			dependencies = (
			);
			name = Deployment;
			passBuildSettingsInEnvironment = 1;
			productName = Deployment;
		};
		438A3A58147B1C7C00FBD1FD /* Test Unit */ = {
			isa = PBXLegacyTarget;
			buildArgumentsString = specs/spec_helper.rb;
			buildConfigurationList = 438A3A59147B1C7C00FBD1FD /* Build configuration list for PBXLegacyTarget "Test Unit" */;
			buildPhases = (
			);
			buildToolPath = /usr/local/bin/macruby;
			buildWorkingDirectory = "";
			dependencies = (
			);
			name = "Test Unit";
			passBuildSettingsInEnvironment = 1;
			productName = "Test Unit";
		};
/* End PBXLegacyTarget section */

/* Begin PBXNativeTarget section */
		4385A2F41419F25B00768301 /* PanoList3 */ = {
			isa = PBXNativeTarget;
			buildConfigurationList = 4385A3121419F25C00768301 /* Build configuration list for PBXNativeTarget "PanoList3" */;
			buildPhases = (
				4385A2F11419F25B00768301 /* Sources */,
				4385A2F21419F25B00768301 /* Frameworks */,
				4385A2F31419F25B00768301 /* Resources */,
			);
			buildRules = (
			);
			dependencies = (
				438A3A67147B1DA200FBD1FD /* PBXTargetDependency */,
			);
			name = PanoList3;
			productName = PanoList3;
			productReference = 4385A2F51419F25B00768301 /* PanoList3.app */;
			productType = "com.apple.product-type.application";
		};
/* End PBXNativeTarget section */

/* Begin PBXProject section */
		4385A2EC1419F25B00768301 /* Project object */ = {
			isa = PBXProject;
			attributes = {
				LastUpgradeCheck = 0410;
			};
			buildConfigurationList = 4385A2EF1419F25B00768301 /* Build configuration list for PBXProject "PanoList3" */;
			compatibilityVersion = "Xcode 3.2";
			developmentRegion = English;
			hasScannedForEncodings = 0;
			knownRegions = (
				en,
			);
			mainGroup = 4385A2EA1419F25B00768301;
			productRefGroup = 4385A2F61419F25B00768301 /* Products */;
			projectDirPath = "";
			projectRoot = "";
			targets = (
				4385A2F41419F25B00768301 /* PanoList3 */,
				4385A2FD1419F25B00768301 /* Deployment */,
				438A3A58147B1C7C00FBD1FD /* Test Unit */,
			);
		};
/* End PBXProject section */

/* Begin PBXResourcesBuildPhase section */
		4385A2F31419F25B00768301 /* Resources */ = {
			isa = PBXResourcesBuildPhase;
			buildActionMask = 2147483647;
			files = (
				4385A3031419F25B00768301 /* InfoPlist.strings in Resources */,
				4385A30A1419F25B00768301 /* MainMenu.xib in Resources */,
				4385A30D1419F25B00768301 /* rb_main.rb in Resources */,
				4385A30F1419F25C00768301 /* AppDelegate.rb in Resources */,
				4383C260141AABBC000853EA /* Gatherer.rb in Resources */,
				43D49278141B5ED2004C465E /* PanoramaGroup.rb in Resources */,
				43D4927B141B5EE8004C465E /* Panorama.rb in Resources */,
				439849D01439100F00D3BA53 /* ImageBrowserView.rb in Resources */,
				438ABC0C147C666A000A9244 /* PreferenceWindow.xib in Resources */,
				438ABC0E147C668E000A9244 /* PreferenceWindowController.rb in Resources */,
			);
			runOnlyForDeploymentPostprocessing = 0;
		};
/* End PBXResourcesBuildPhase section */

/* Begin PBXSourcesBuildPhase section */
		4385A2F11419F25B00768301 /* Sources */ = {
			isa = PBXSourcesBuildPhase;
			buildActionMask = 2147483647;
			files = (
				4385A3051419F25B00768301 /* main.m in Sources */,
				43CDE120141AB32700BEB8C6 /* AppDelegate.m in Sources */,
				43F2E75E147C760C00E5B992 /* PreferenceWindowController.m in Sources */,
			);
			runOnlyForDeploymentPostprocessing = 0;
		};
/* End PBXSourcesBuildPhase section */

/* Begin PBXTargetDependency section */
		438A3A67147B1DA200FBD1FD /* PBXTargetDependency */ = {
			isa = PBXTargetDependency;
			target = 438A3A58147B1C7C00FBD1FD /* Test Unit */;
			targetProxy = 438A3A66147B1DA200FBD1FD /* PBXContainerItemProxy */;
		};
/* End PBXTargetDependency section */

/* Begin PBXVariantGroup section */
		4385A3011419F25B00768301 /* InfoPlist.strings */ = {
			isa = PBXVariantGroup;
			children = (
				4385A3021419F25B00768301 /* en */,
			);
			name = InfoPlist.strings;
			sourceTree = "<group>";
		};
		4385A3081419F25B00768301 /* MainMenu.xib */ = {
			isa = PBXVariantGroup;
			children = (
				4385A3091419F25B00768301 /* en */,
			);
			name = MainMenu.xib;
			sourceTree = "<group>";
		};
/* End PBXVariantGroup section */

/* Begin XCBuildConfiguration section */
		4385A3101419F25C00768301 /* Debug */ = {
			isa = XCBuildConfiguration;
			buildSettings = {
				ALWAYS_SEARCH_USER_PATHS = NO;
				ARCHS = "$(ARCHS_STANDARD_64_BIT)";
				COPY_PHASE_STRIP = NO;
				GCC_C_LANGUAGE_STANDARD = gnu99;
				GCC_DYNAMIC_NO_PIC = NO;
				GCC_ENABLE_OBJC_EXCEPTIONS = YES;
				GCC_OPTIMIZATION_LEVEL = 0;
				GCC_PREPROCESSOR_DEFINITIONS = (
					"DEBUG=1",
					"$(inherited)",
				);
				GCC_SYMBOLS_PRIVATE_EXTERN = NO;
				GCC_VERSION = com.apple.compilers.llvm.clang.1_0;
				GCC_WARN_64_TO_32_BIT_CONVERSION = YES;
				GCC_WARN_ABOUT_MISSING_PROTOTYPES = YES;
				GCC_WARN_ABOUT_RETURN_TYPE = YES;
				GCC_WARN_UNUSED_VARIABLE = YES;
				MACOSX_DEPLOYMENT_TARGET = 10.6;
				ONLY_ACTIVE_ARCH = YES;
				SDKROOT = macosx;
				VALID_ARCHS = "i386 x86_64";
			};
			name = Debug;
		};
		4385A3111419F25C00768301 /* Release */ = {
			isa = XCBuildConfiguration;
			buildSettings = {
				ALWAYS_SEARCH_USER_PATHS = NO;
				ARCHS = "$(ARCHS_STANDARD_64_BIT)";
				COPY_PHASE_STRIP = YES;
				DEBUG_INFORMATION_FORMAT = "dwarf-with-dsym";
				GCC_C_LANGUAGE_STANDARD = gnu99;
				GCC_ENABLE_OBJC_EXCEPTIONS = YES;
				GCC_VERSION = com.apple.compilers.llvm.clang.1_0;
				GCC_WARN_64_TO_32_BIT_CONVERSION = YES;
				GCC_WARN_ABOUT_MISSING_PROTOTYPES = YES;
				GCC_WARN_ABOUT_RETURN_TYPE = YES;
				GCC_WARN_UNUSED_VARIABLE = YES;
				MACOSX_DEPLOYMENT_TARGET = 10.6;
				SDKROOT = macosx;
				VALID_ARCHS = "i386 x86_64";
			};
			name = Release;
		};
		4385A3131419F25C00768301 /* Debug */ = {
			isa = XCBuildConfiguration;
			buildSettings = {
				FRAMEWORK_SEARCH_PATHS = (
					"$(inherited)",
					"\"$(DEVELOPER_FRAMEWORKS_DIR)\"",
				);
				GCC_ENABLE_OBJC_GC = required;
				GCC_PRECOMPILE_PREFIX_HEADER = YES;
				GCC_PREFIX_HEADER = "PanoList3/PanoList3-Prefix.pch";
				INFOPLIST_FILE = "PanoList3/PanoList3-Info.plist";
				PRODUCT_NAME = "$(TARGET_NAME)";
				WRAPPER_EXTENSION = app;
			};
			name = Debug;
		};
		4385A3141419F25C00768301 /* Release */ = {
			isa = XCBuildConfiguration;
			buildSettings = {
				FRAMEWORK_SEARCH_PATHS = (
					"$(inherited)",
					"\"$(DEVELOPER_FRAMEWORKS_DIR)\"",
				);
				GCC_ENABLE_OBJC_GC = required;
				GCC_PRECOMPILE_PREFIX_HEADER = YES;
				GCC_PREFIX_HEADER = "PanoList3/PanoList3-Prefix.pch";
				INFOPLIST_FILE = "PanoList3/PanoList3-Info.plist";
				PRODUCT_NAME = "$(TARGET_NAME)";
				WRAPPER_EXTENSION = app;
			};
			name = Release;
		};
		4385A3161419F25C00768301 /* Debug */ = {
			isa = XCBuildConfiguration;
			buildSettings = {
			};
			name = Debug;
		};
		4385A3171419F25C00768301 /* Release */ = {
			isa = XCBuildConfiguration;
			buildSettings = {
			};
			name = Release;
		};
		438A3A5A147B1C7C00FBD1FD /* Debug */ = {
			isa = XCBuildConfiguration;
			buildSettings = {
				DEBUGGING_SYMBOLS = YES;
				GCC_GENERATE_DEBUGGING_SYMBOLS = YES;
				GCC_OPTIMIZATION_LEVEL = 0;
				OTHER_CFLAGS = "";
				OTHER_LDFLAGS = "";
				PRODUCT_NAME = "$(TARGET_NAME)";
				VALID_ARCHS = x86_64;
			};
			name = Debug;
		};
		438A3A5B147B1C7C00FBD1FD /* Release */ = {
			isa = XCBuildConfiguration;
			buildSettings = {
				OTHER_CFLAGS = "";
				OTHER_LDFLAGS = "";
				PRODUCT_NAME = "$(TARGET_NAME)";
				VALID_ARCHS = x86_64;
			};
			name = Release;
		};
/* End XCBuildConfiguration section */

/* Begin XCConfigurationList section */
		4385A2EF1419F25B00768301 /* Build configuration list for PBXProject "PanoList3" */ = {
			isa = XCConfigurationList;
			buildConfigurations = (
				4385A3101419F25C00768301 /* Debug */,
				4385A3111419F25C00768301 /* Release */,
			);
			defaultConfigurationIsVisible = 0;
			defaultConfigurationName = Release;
		};
		4385A3121419F25C00768301 /* Build configuration list for PBXNativeTarget "PanoList3" */ = {
			isa = XCConfigurationList;
			buildConfigurations = (
				4385A3131419F25C00768301 /* Debug */,
				4385A3141419F25C00768301 /* Release */,
			);
			defaultConfigurationIsVisible = 0;
			defaultConfigurationName = Release;
		};
		4385A3151419F25C00768301 /* Build configuration list for PBXLegacyTarget "Deployment" */ = {
			isa = XCConfigurationList;
			buildConfigurations = (
				4385A3161419F25C00768301 /* Debug */,
				4385A3171419F25C00768301 /* Release */,
			);
			defaultConfigurationIsVisible = 0;
			defaultConfigurationName = Release;
		};
		438A3A59147B1C7C00FBD1FD /* Build configuration list for PBXLegacyTarget "Test Unit" */ = {
			isa = XCConfigurationList;
			buildConfigurations = (
				438A3A5A147B1C7C00FBD1FD /* Debug */,
				438A3A5B147B1C7C00FBD1FD /* Release */,
			);
			defaultConfigurationIsVisible = 0;
			defaultConfigurationName = Release;
		};
/* End XCConfigurationList section */
	};
	rootObject = 4385A2EC1419F25B00768301 /* Project object */;
}
